
Microsoft Visual Studio Solution File, Format Version 12.00
# Visual Studio Version 16
VisualStudioVersion = 16.0.30309.148
MinimumVisualStudioVersion = 10.0.40219.1
Project("{9A19103F-16F7-4668-BE54-9A1E7A4F7556}") = "MediatrDemo", "MediatrDemo\MediatrDemo.csproj", "{B8819D1E-1B9D-4167-AD4C-F109578BAAC8}"
EndProject
Project("{FAE04EC0-301F-11D3-BF4B-00C04F79EFBC}") = "Services", "Services\Services.csproj", "{A0248002-26FF-4CA8-80FC-D3BBEF27847C}"
EndProject
Global
	GlobalSection(SolutionConfigurationPlatforms) = preSolution
		Debug|Any CPU = Debug|Any CPU
		Release|Any CPU = Release|Any CPU
	EndGlobalSection
	GlobalSection(ProjectConfigurationPlatforms) = postSolution
		{B8819D1E-1B9D-4167-AD4C-F109578BAAC8}.Debug|Any CPU.ActiveCfg = Debug|Any CPU
		{B8819D1E-1B9D-4167-AD4C-F109578BAAC8}.Debug|Any CPU.Build.0 = Debug|Any CPU
		{B8819D1E-1B9D-4167-AD4C-F109578BAAC8}.Release|Any CPU.ActiveCfg = Release|Any CPU
		{B8819D1E-1B9D-4167-AD4C-F109578BAAC8}.Release|Any CPU.Build.0 = Release|Any CPU
		{A0248002-26FF-4CA8-80FC-D3BBEF27847C}.Debug|Any CPU.ActiveCfg = Debug|Any CPU
		{A0248002-26FF-4CA8-80FC-D3BBEF27847C}.Debug|Any CPU.Build.0 = Debug|Any CPU
		{A0248002-26FF-4CA8-80FC-D3BBEF27847C}.Release|Any CPU.ActiveCfg = Release|Any CPU
		{A0248002-26FF-4CA8-80FC-D3BBEF27847C}.Release|Any CPU.Build.0 = Release|Any CPU
	EndGlobalSection
	GlobalSection(SolutionProperties) = preSolution
		HideSolutionNode = FALSE
	EndGlobalSection
	GlobalSection(ExtensibilityGlobals) = postSolution
		SolutionGuid = {BD3DC5C2-55E8-46CD-BE42-5DA5C76179E6}
	EndGlobalSection
EndGlobal
